
Microsoft Visual Studio Solution File, Format Version 12.00
# Visual Studio Version 17
VisualStudioVersion = 17.11.35312.102
MinimumVisualStudioVersion = 10.0.40219.1
Project("{FAE04EC0-301F-11D3-BF4B-00C04F79EFBC}") = "UnitTestCSharp", "UnitTestC#\UnitTestCSharp.csproj", "{5CEC3883-5CB3-44D7-BD79-244E78B6A977}"
EndProject
Project("{FAE04EC0-301F-11D3-BF4B-00C04F79EFBC}") = "xUnitTest", "xUnitTest\xUnitTest.csproj", "{8444B5E6-AEF0-4BCB-855F-CDD05CC4F6FB}"
EndProject
Project("{FAE04EC0-301F-11D3-BF4B-00C04F79EFBC}") = "MSTest", "MSTest\MSTest.csproj", "{050CC462-123A-4F8A-B981-8108A3656A8B}"
EndProject
Global
	GlobalSection(SolutionConfigurationPlatforms) = preSolution
		Debug|Any CPU = Debug|Any CPU
		Release|Any CPU = Release|Any CPU
	EndGlobalSection
	GlobalSection(ProjectConfigurationPlatforms) = postSolution
		{5CEC3883-5CB3-44D7-BD79-244E78B6A977}.Debug|Any CPU.ActiveCfg = Debug|Any CPU
		{5CEC3883-5CB3-44D7-BD79-244E78B6A977}.Debug|Any CPU.Build.0 = Debug|Any CPU
		{5CEC3883-5CB3-44D7-BD79-244E78B6A977}.Release|Any CPU.ActiveCfg = Release|Any CPU
		{5CEC3883-5CB3-44D7-BD79-244E78B6A977}.Release|Any CPU.Build.0 = Release|Any CPU
		{8444B5E6-AEF0-4BCB-855F-CDD05CC4F6FB}.Debug|Any CPU.ActiveCfg = Debug|Any CPU
		{8444B5E6-AEF0-4BCB-855F-CDD05CC4F6FB}.Debug|Any CPU.Build.0 = Debug|Any CPU
		{8444B5E6-AEF0-4BCB-855F-CDD05CC4F6FB}.Release|Any CPU.ActiveCfg = Release|Any CPU
		{8444B5E6-AEF0-4BCB-855F-CDD05CC4F6FB}.Release|Any CPU.Build.0 = Release|Any CPU
		{050CC462-123A-4F8A-B981-8108A3656A8B}.Debug|Any CPU.ActiveCfg = Debug|Any CPU
		{050CC462-123A-4F8A-B981-8108A3656A8B}.Debug|Any CPU.Build.0 = Debug|Any CPU
		{050CC462-123A-4F8A-B981-8108A3656A8B}.Release|Any CPU.ActiveCfg = Release|Any CPU
		{050CC462-123A-4F8A-B981-8108A3656A8B}.Release|Any CPU.Build.0 = Release|Any CPU
	EndGlobalSection
	GlobalSection(SolutionProperties) = preSolution
		HideSolutionNode = FALSE
	EndGlobalSection
	GlobalSection(ExtensibilityGlobals) = postSolution
		SolutionGuid = {AE09E07D-74CF-481A-8F16-B8F9B81BDE65}
	EndGlobalSection
EndGlobal
